
Microsoft Visual Studio Solution File, Format Version 12.00
# Visual Studio Version 17
VisualStudioVersion = 17.6.33829.357
MinimumVisualStudioVersion = 10.0.40219.1
Project("{FAE04EC0-301F-11D3-BF4B-00C04F79EFBC}") = "LOrd Card Shop", "LOrd Card Shop\LOrd Card Shop.csproj", "{BE02DB06-FED4-434E-B3E8-BCC72C486BFB}"
EndProject
Global
	GlobalSection(SolutionConfigurationPlatforms) = preSolution
		Debug|Any CPU = Debug|Any CPU
		Release|Any CPU = Release|Any CPU
	EndGlobalSection
	GlobalSection(ProjectConfigurationPlatforms) = postSolution
		{BE02DB06-FED4-434E-B3E8-BCC72C486BFB}.Debug|Any CPU.ActiveCfg = Debug|Any CPU
		{BE02DB06-FED4-434E-B3E8-BCC72C486BFB}.Debug|Any CPU.Build.0 = Debug|Any CPU
		{BE02DB06-FED4-434E-B3E8-BCC72C486BFB}.Release|Any CPU.ActiveCfg = Release|Any CPU
		{BE02DB06-FED4-434E-B3E8-BCC72C486BFB}.Release|Any CPU.Build.0 = Release|Any CPU
	EndGlobalSection
	GlobalSection(SolutionProperties) = preSolution
		HideSolutionNode = FALSE
	EndGlobalSection
	GlobalSection(ExtensibilityGlobals) = postSolution
		SolutionGuid = {B83E555B-CF9A-4969-93DC-A5D040008FD7}
	EndGlobalSection
EndGlobal
